
Microsoft Visual Studio Solution File, Format Version 12.00
# Visual Studio Version 16
VisualStudioVersion = 16.0.29806.167
MinimumVisualStudioVersion = 10.0.40219.1
Project("{FAE04EC0-301F-11D3-BF4B-00C04F79EFBC}") = "CustomerAPI", "CustomerAPI\CustomerAPI.csproj", "{D8BDDF61-4C4E-4F84-81F8-189C2AE17145}"
EndProject
Global
	GlobalSection(SolutionConfigurationPlatforms) = preSolution
		Debug|Any CPU = Debug|Any CPU
		Release|Any CPU = Release|Any CPU
	EndGlobalSection
	GlobalSection(ProjectConfigurationPlatforms) = postSolution
		{D8BDDF61-4C4E-4F84-81F8-189C2AE17145}.Debug|Any CPU.ActiveCfg = Debug|Any CPU
		{D8BDDF61-4C4E-4F84-81F8-189C2AE17145}.Debug|Any CPU.Build.0 = Debug|Any CPU
		{D8BDDF61-4C4E-4F84-81F8-189C2AE17145}.Release|Any CPU.ActiveCfg = Release|Any CPU
		{D8BDDF61-4C4E-4F84-81F8-189C2AE17145}.Release|Any CPU.Build.0 = Release|Any CPU
	EndGlobalSection
	GlobalSection(SolutionProperties) = preSolution
		HideSolutionNode = FALSE
	EndGlobalSection
	GlobalSection(ExtensibilityGlobals) = postSolution
		SolutionGuid = {77E24464-945C-41CE-AE02-40595B7779AF}
	EndGlobalSection
EndGlobal
